// !$*UTF8*$!
{
	archiveVersion = 1;
	classes = {
	};
	objectVersion = 46;
	objects = {

/* Begin PBXBuildFile section */
		1F203FA018B3F0F9007C9F7E /* EditSectionVC.m in Sources */ = {isa = PBXBuildFile; fileRef = 1F203F9F18B3F0F9007C9F7E /* EditSectionVC.m */; };
		1F2176B218D633F30065EC79 /* DropboxSDK.framework in Frameworks */ = {isa = PBXBuildFile; fileRef = 6F5479F918BD2F1400353383 /* DropboxSDK.framework */; };
		1F44E1E218BFFC7D0042FCB9 /* EditSpeechVC.m in Sources */ = {isa = PBXBuildFile; fileRef = 1F44E1E118BFFC7D0042FCB9 /* EditSpeechVC.m */; };
		1F4CF0D018C6D3EE004DDCDA /* EditForms_ChooseSpeechVC.m in Sources */ = {isa = PBXBuildFile; fileRef = 1F6A5B2118C15B64006D2C9F /* EditForms_ChooseSpeechVC.m */; };
		1F4F1B8218B5C1820015026A /* AddStudentVC.m in Sources */ = {isa = PBXBuildFile; fileRef = 1F4F1B8118B5C1820015026A /* AddStudentVC.m */; };
		1F57CD8718C126C400DE2B50 /* Section.m in Sources */ = {isa = PBXBuildFile; fileRef = 1F57CD8618C126C400DE2B50 /* Section.m */; };
		1F6A5B2E18C1C2A0006D2C9F /* AddToModuleVC.m in Sources */ = {isa = PBXBuildFile; fileRef = 1F6A5B2D18C1C2A0006D2C9F /* AddToModuleVC.m */; };
		1F9A516218B46616009A1253 /* AddSectionVC.m in Sources */ = {isa = PBXBuildFile; fileRef = 1F9A516118B46616009A1253 /* AddSectionVC.m */; };
		1FB969B5190C419B00E8BB3A /* MenuPopoverVC.m in Sources */ = {isa = PBXBuildFile; fileRef = 1FB969B4190C419B00E8BB3A /* MenuPopoverVC.m */; };
		6F12E3421892FEE40030AE4C /* Foundation.framework in Frameworks */ = {isa = PBXBuildFile; fileRef = 6F12E3411892FEE40030AE4C /* Foundation.framework */; };
		6F12E3441892FEE40030AE4C /* CoreGraphics.framework in Frameworks */ = {isa = PBXBuildFile; fileRef = 6F12E3431892FEE40030AE4C /* CoreGraphics.framework */; };
		6F12E3461892FEE40030AE4C /* UIKit.framework in Frameworks */ = {isa = PBXBuildFile; fileRef = 6F12E3451892FEE40030AE4C /* UIKit.framework */; };
		6F12E3481892FEE40030AE4C /* CoreData.framework in Frameworks */ = {isa = PBXBuildFile; fileRef = 6F12E3471892FEE40030AE4C /* CoreData.framework */; };
		6F12E34E1892FEE40030AE4C /* InfoPlist.strings in Resources */ = {isa = PBXBuildFile; fileRef = 6F12E34C1892FEE40030AE4C /* InfoPlist.strings */; };
		6F12E3501892FEE40030AE4C /* main.m in Sources */ = {isa = PBXBuildFile; fileRef = 6F12E34F1892FEE40030AE4C /* main.m */; };
		6F12E3541892FEE40030AE4C /* AppDelegate.m in Sources */ = {isa = PBXBuildFile; fileRef = 6F12E3531892FEE40030AE4C /* AppDelegate.m */; };
		6F12E3571892FEE40030AE4C /* Main.storyboard in Resources */ = {isa = PBXBuildFile; fileRef = 6F12E3551892FEE40030AE4C /* Main.storyboard */; };
		6F12E35A1892FEE40030AE4C /* Critik.xcdatamodeld in Sources */ = {isa = PBXBuildFile; fileRef = 6F12E3581892FEE40030AE4C /* Critik.xcdatamodeld */; };
		6F12E3621892FEE40030AE4C /* Images.xcassets in Resources */ = {isa = PBXBuildFile; fileRef = 6F12E3611892FEE40030AE4C /* Images.xcassets */; };
		6F12E3691892FEE40030AE4C /* XCTest.framework in Frameworks */ = {isa = PBXBuildFile; fileRef = 6F12E3681892FEE40030AE4C /* XCTest.framework */; };
		6F12E36A1892FEE40030AE4C /* Foundation.framework in Frameworks */ = {isa = PBXBuildFile; fileRef = 6F12E3411892FEE40030AE4C /* Foundation.framework */; };
		6F12E36B1892FEE40030AE4C /* UIKit.framework in Frameworks */ = {isa = PBXBuildFile; fileRef = 6F12E3451892FEE40030AE4C /* UIKit.framework */; };
		6F12E36C1892FEE40030AE4C /* CoreData.framework in Frameworks */ = {isa = PBXBuildFile; fileRef = 6F12E3471892FEE40030AE4C /* CoreData.framework */; };
		6F12E3741892FEE40030AE4C /* InfoPlist.strings in Resources */ = {isa = PBXBuildFile; fileRef = 6F12E3721892FEE40030AE4C /* InfoPlist.strings */; };
		6F12E3761892FEE40030AE4C /* CritikTests.m in Sources */ = {isa = PBXBuildFile; fileRef = 6F12E3751892FEE40030AE4C /* CritikTests.m */; };
		6F26384C18EB449200E8CB54 /* Module.m in Sources */ = {isa = PBXBuildFile; fileRef = 6F26384B18EB449200E8CB54 /* Module.m */; };
		6F26385018EB4F4200E8CB54 /* plusQuickGrade.png in Resources */ = {isa = PBXBuildFile; fileRef = 6F26384D18EB4F4200E8CB54 /* plusQuickGrade.png */; };
		6F26385118EB4F4200E8CB54 /* okQuickGrade.png in Resources */ = {isa = PBXBuildFile; fileRef = 6F26384E18EB4F4200E8CB54 /* okQuickGrade.png */; };
		6F26385218EB4F4200E8CB54 /* minusQuickGrade.png in Resources */ = {isa = PBXBuildFile; fileRef = 6F26384F18EB4F4200E8CB54 /* minusQuickGrade.png */; };
		6F332B9718F3779F00547116 /* Student.m in Sources */ = {isa = PBXBuildFile; fileRef = 6F332B9618F3779F00547116 /* Student.m */; };
		6F332BA918F4B10800547116 /* NavBar.png in Resources */ = {isa = PBXBuildFile; fileRef = 6F332BA818F4B10800547116 /* NavBar.png */; };
		6F451199190C3B2A0083541B /* Critik.sqlite in Resources */ = {isa = PBXBuildFile; fileRef = 6F451196190C3B2A0083541B /* Critik.sqlite */; };
		6F45119A190C3B2A0083541B /* Critik.sqlite-shm in Resources */ = {isa = PBXBuildFile; fileRef = 6F451197190C3B2A0083541B /* Critik.sqlite-shm */; };
		6F45119B190C3B2A0083541B /* Critik.sqlite-wal in Resources */ = {isa = PBXBuildFile; fileRef = 6F451198190C3B2A0083541B /* Critik.sqlite-wal */; };
		6F4511A7190C45920083541B /* StudentOrderPopoverVC.m in Sources */ = {isa = PBXBuildFile; fileRef = 6F4511A6190C45920083541B /* StudentOrderPopoverVC.m */; };
		6F4511AA190DA4890083541B /* QuickGrade.m in Sources */ = {isa = PBXBuildFile; fileRef = 6F4511A9190DA4890083541B /* QuickGrade.m */; };
		6F4511AD190DA48A0083541B /* StudentSpeech.m in Sources */ = {isa = PBXBuildFile; fileRef = 6F4511AC190DA48A0083541B /* StudentSpeech.m */; };
		6F4511B0190DA48A0083541B /* PreDefinedComments.m in Sources */ = {isa = PBXBuildFile; fileRef = 6F4511AF190DA48A0083541B /* PreDefinedComments.m */; };
		6F4511B6190DBDE10083541B /* AdditionalCommentsPopoverVC.m in Sources */ = {isa = PBXBuildFile; fileRef = 6F4511B5190DBDE10083541B /* AdditionalCommentsPopoverVC.m */; };
		6F4511C6190DEBD60083541B /* custom_comments.png in Resources */ = {isa = PBXBuildFile; fileRef = 6F4511C1190DEBD60083541B /* custom_comments.png */; };
		6F4511D1190E08640083541B /* options.png in Resources */ = {isa = PBXBuildFile; fileRef = 6F4511CD190E08640083541B /* options.png */; };
		6F4511D2190E08640083541B /* pause.png in Resources */ = {isa = PBXBuildFile; fileRef = 6F4511CE190E08640083541B /* pause.png */; };
		6F4511D3190E08640083541B /* play.png in Resources */ = {isa = PBXBuildFile; fileRef = 6F4511CF190E08640083541B /* play.png */; };
		6F4511D4190E08640083541B /* reset.png in Resources */ = {isa = PBXBuildFile; fileRef = 6F4511D0190E08640083541B /* reset.png */; };
		6F4EE03218ABF69F00FABCF2 /* HomeVC.m in Sources */ = {isa = PBXBuildFile; fileRef = 6F4EE03118ABF69F00FABCF2 /* HomeVC.m */; };
		6F4EE08918ADAEAC00FABCF2 /* CritikNavController.m in Sources */ = {isa = PBXBuildFile; fileRef = 6F4EE08818ADAEAC00FABCF2 /* CritikNavController.m */; };
		6F4EE0FE18B1721B00FABCF2 /* NavButton-Selected.png in Resources */ = {isa = PBXBuildFile; fileRef = 6F4EE0E618B1721B00FABCF2 /* NavButton-Selected.png */; };
		6F4EE0FF18B1721B00FABCF2 /* NavButton.png in Resources */ = {isa = PBXBuildFile; fileRef = 6F4EE0E718B1721B00FABCF2 /* NavButton.png */; };
		6F4EE10018B1721B00FABCF2 /* Default-Landscape.png in Resources */ = {isa = PBXBuildFile; fileRef = 6F4EE0E918B1721B00FABCF2 /* Default-Landscape.png */; };
		6F4EE10118B1721B00FABCF2 /* icon.png in Resources */ = {isa = PBXBuildFile; fileRef = 6F4EE0EB18B1721B00FABCF2 /* icon.png */; };
		6F4EE10218B1721B00FABCF2 /* Icon-40.png in Resources */ = {isa = PBXBuildFile; fileRef = 6F4EE0ED18B1721B00FABCF2 /* Icon-40.png */; };
		6F4EE10318B1721B00FABCF2 /* Icon-40@2x.png in Resources */ = {isa = PBXBuildFile; fileRef = 6F4EE0EE18B1721B00FABCF2 /* Icon-40@2x.png */; };
		6F4EE10418B1721B00FABCF2 /* Icon-60.png in Resources */ = {isa = PBXBuildFile; fileRef = 6F4EE0EF18B1721B00FABCF2 /* Icon-60.png */; };
		6F4EE10518B1721B00FABCF2 /* Icon-60@2x.png in Resources */ = {isa = PBXBuildFile; fileRef = 6F4EE0F018B1721B00FABCF2 /* Icon-60@2x.png */; };
		6F4EE10618B1721B00FABCF2 /* Icon-72.png in Resources */ = {isa = PBXBuildFile; fileRef = 6F4EE0F118B1721B00FABCF2 /* Icon-72.png */; };
		6F4EE10718B1721B00FABCF2 /* Icon-72@2x.png in Resources */ = {isa = PBXBuildFile; fileRef = 6F4EE0F218B1721B00FABCF2 /* Icon-72@2x.png */; };
		6F4EE10818B1721B00FABCF2 /* Icon-76.png in Resources */ = {isa = PBXBuildFile; fileRef = 6F4EE0F318B1721B00FABCF2 /* Icon-76.png */; };
		6F4EE10918B1721B00FABCF2 /* Icon-76@2x.png in Resources */ = {isa = PBXBuildFile; fileRef = 6F4EE0F418B1721B00FABCF2 /* Icon-76@2x.png */; };
		6F4EE10A18B1721B00FABCF2 /* Icon-Small-50.png in Resources */ = {isa = PBXBuildFile; fileRef = 6F4EE0F518B1721B00FABCF2 /* Icon-Small-50.png */; };
		6F4EE10B18B1721B00FABCF2 /* Icon-Small-50@2x.png in Resources */ = {isa = PBXBuildFile; fileRef = 6F4EE0F618B1721B00FABCF2 /* Icon-Small-50@2x.png */; };
		6F4EE10C18B1721B00FABCF2 /* Icon-Small.png in Resources */ = {isa = PBXBuildFile; fileRef = 6F4EE0F718B1721B00FABCF2 /* Icon-Small.png */; };
		6F4EE10D18B1721B00FABCF2 /* Icon-Small@2x.png in Resources */ = {isa = PBXBuildFile; fileRef = 6F4EE0F818B1721B00FABCF2 /* Icon-Small@2x.png */; };
		6F4EE10E18B1721B00FABCF2 /* Icon.png in Resources */ = {isa = PBXBuildFile; fileRef = 6F4EE0F918B1721B00FABCF2 /* Icon.png */; };
		6F4EE10F18B1721B00FABCF2 /* Icon@2x.png in Resources */ = {isa = PBXBuildFile; fileRef = 6F4EE0FA18B1721B00FABCF2 /* Icon@2x.png */; };
		6F4EE11018B1721B00FABCF2 /* iTunesArtwork.png in Resources */ = {isa = PBXBuildFile; fileRef = 6F4EE0FB18B1721B00FABCF2 /* iTunesArtwork.png */; };
		6F4EE11118B1721B00FABCF2 /* iTunesArtwork@2x.png in Resources */ = {isa = PBXBuildFile; fileRef = 6F4EE0FC18B1721B00FABCF2 /* iTunesArtwork@2x.png */; };
		6F4EE11318B1791300FABCF2 /* Home@2x-Landscape.png in Resources */ = {isa = PBXBuildFile; fileRef = 6F4EE11218B1791300FABCF2 /* Home@2x-Landscape.png */; };
		6F9E011E18D8BCA900F509B7 /* CoreText.framework in Frameworks */ = {isa = PBXBuildFile; fileRef = 6F9E011D18D8BCA900F509B7 /* CoreText.framework */; };
		6FAD860918B83632001C8F54 /* PopOverNavBar.png in Resources */ = {isa = PBXBuildFile; fileRef = 6FAD860818B83632001C8F54 /* PopOverNavBar.png */; };
		6FC0223518C44EDF0022B854 /* StudentPenaltiesVC.m in Sources */ = {isa = PBXBuildFile; fileRef = 6FC0223418C44EDF0022B854 /* StudentPenaltiesVC.m */; };
		6FC0223818C4D6C90022B854 /* SpeechFinalizeVC.m in Sources */ = {isa = PBXBuildFile; fileRef = 6FC0223718C4D6C90022B854 /* SpeechFinalizeVC.m */; };
		6FD1D3CA18DA6EF20039F98F /* Speech.m in Sources */ = {isa = PBXBuildFile; fileRef = 6FD1D3C918DA6EF20039F98F /* Speech.m */; };
		6FED858918C2493F0084A96A /* SpeechSelectionVC.m in Sources */ = {isa = PBXBuildFile; fileRef = 6FED858818C2493F0084A96A /* SpeechSelectionVC.m */; };
		6FED858C18C24BE70084A96A /* StudentSelectionVC.m in Sources */ = {isa = PBXBuildFile; fileRef = 6FED858B18C24BE70084A96A /* StudentSelectionVC.m */; };
		6FED858F18C24DCE0084A96A /* StudentEvaluationVC.m in Sources */ = {isa = PBXBuildFile; fileRef = 6FED858E18C24DCE0084A96A /* StudentEvaluationVC.m */; };
/* End PBXBuildFile section */

/* Begin PBXContainerItemProxy section */
		6F12E36D1892FEE40030AE4C /* PBXContainerItemProxy */ = {
			isa = PBXContainerItemProxy;
			containerPortal = 6F12E3361892FEE40030AE4C /* Project object */;
			proxyType = 1;
			remoteGlobalIDString = 6F12E33D1892FEE40030AE4C;
			remoteInfo = Critik;
		};
/* End PBXContainerItemProxy section */

/* Begin PBXFileReference section */
		1F203F9E18B3F0F9007C9F7E /* EditSectionVC.h */ = {isa = PBXFileReference; fileEncoding = 4; lastKnownFileType = sourcecode.c.h; path = EditSectionVC.h; sourceTree = "<group>"; };
		1F203F9F18B3F0F9007C9F7E /* EditSectionVC.m */ = {isa = PBXFileReference; fileEncoding = 4; lastKnownFileType = sourcecode.c.objc; path = EditSectionVC.m; sourceTree = "<group>"; };
		1F44E1E018BFFC7D0042FCB9 /* EditSpeechVC.h */ = {isa = PBXFileReference; fileEncoding = 4; lastKnownFileType = sourcecode.c.h; path = EditSpeechVC.h; sourceTree = "<group>"; };
		1F44E1E118BFFC7D0042FCB9 /* EditSpeechVC.m */ = {isa = PBXFileReference; fileEncoding = 4; lastKnownFileType = sourcecode.c.objc; path = EditSpeechVC.m; sourceTree = "<group>"; };
		1F4F1B8018B5C1820015026A /* AddStudentVC.h */ = {isa = PBXFileReference; fileEncoding = 4; lastKnownFileType = sourcecode.c.h; path = AddStudentVC.h; sourceTree = "<group>"; };
		1F4F1B8118B5C1820015026A /* AddStudentVC.m */ = {isa = PBXFileReference; fileEncoding = 4; lastKnownFileType = sourcecode.c.objc; path = AddStudentVC.m; sourceTree = "<group>"; };
		1F57CD8518C126C400DE2B50 /* Section.h */ = {isa = PBXFileReference; fileEncoding = 4; lastKnownFileType = sourcecode.c.h; name = Section.h; path = Critik/Section.h; sourceTree = "<group>"; };
		1F57CD8618C126C400DE2B50 /* Section.m */ = {isa = PBXFileReference; fileEncoding = 4; lastKnownFileType = sourcecode.c.objc; name = Section.m; path = Critik/Section.m; sourceTree = "<group>"; };
		1F6A5B2018C15B64006D2C9F /* EditForms_ChooseSpeechVC.h */ = {isa = PBXFileReference; fileEncoding = 4; lastKnownFileType = sourcecode.c.h; path = EditForms_ChooseSpeechVC.h; sourceTree = "<group>"; };
		1F6A5B2118C15B64006D2C9F /* EditForms_ChooseSpeechVC.m */ = {isa = PBXFileReference; fileEncoding = 4; lastKnownFileType = sourcecode.c.objc; path = EditForms_ChooseSpeechVC.m; sourceTree = "<group>"; };
		1F6A5B2C18C1C2A0006D2C9F /* AddToModuleVC.h */ = {isa = PBXFileReference; fileEncoding = 4; lastKnownFileType = sourcecode.c.h; path = AddToModuleVC.h; sourceTree = "<group>"; };
		1F6A5B2D18C1C2A0006D2C9F /* AddToModuleVC.m */ = {isa = PBXFileReference; fileEncoding = 4; lastKnownFileType = sourcecode.c.objc; path = AddToModuleVC.m; sourceTree = "<group>"; };
		1F9A516018B46616009A1253 /* AddSectionVC.h */ = {isa = PBXFileReference; fileEncoding = 4; lastKnownFileType = sourcecode.c.h; path = AddSectionVC.h; sourceTree = "<group>"; };
		1F9A516118B46616009A1253 /* AddSectionVC.m */ = {isa = PBXFileReference; fileEncoding = 4; lastKnownFileType = sourcecode.c.objc; path = AddSectionVC.m; sourceTree = "<group>"; };
		1FB969B3190C419B00E8BB3A /* MenuPopoverVC.h */ = {isa = PBXFileReference; fileEncoding = 4; lastKnownFileType = sourcecode.c.h; path = MenuPopoverVC.h; sourceTree = "<group>"; };
		1FB969B4190C419B00E8BB3A /* MenuPopoverVC.m */ = {isa = PBXFileReference; fileEncoding = 4; lastKnownFileType = sourcecode.c.objc; path = MenuPopoverVC.m; sourceTree = "<group>"; };
		6F12E33E1892FEE40030AE4C /* Critik.app */ = {isa = PBXFileReference; explicitFileType = wrapper.application; includeInIndex = 0; path = Critik.app; sourceTree = BUILT_PRODUCTS_DIR; };
		6F12E3411892FEE40030AE4C /* Foundation.framework */ = {isa = PBXFileReference; lastKnownFileType = wrapper.framework; name = Foundation.framework; path = System/Library/Frameworks/Foundation.framework; sourceTree = SDKROOT; };
		6F12E3431892FEE40030AE4C /* CoreGraphics.framework */ = {isa = PBXFileReference; lastKnownFileType = wrapper.framework; name = CoreGraphics.framework; path = System/Library/Frameworks/CoreGraphics.framework; sourceTree = SDKROOT; };
		6F12E3451892FEE40030AE4C /* UIKit.framework */ = {isa = PBXFileReference; lastKnownFileType = wrapper.framework; name = UIKit.framework; path = System/Library/Frameworks/UIKit.framework; sourceTree = SDKROOT; };
		6F12E3471892FEE40030AE4C /* CoreData.framework */ = {isa = PBXFileReference; lastKnownFileType = wrapper.framework; name = CoreData.framework; path = System/Library/Frameworks/CoreData.framework; sourceTree = SDKROOT; };
		6F12E34B1892FEE40030AE4C /* Critik-Info.plist */ = {isa = PBXFileReference; lastKnownFileType = text.plist.xml; path = "Critik-Info.plist"; sourceTree = "<group>"; };
		6F12E34D1892FEE40030AE4C /* en */ = {isa = PBXFileReference; lastKnownFileType = text.plist.strings; name = en; path = en.lproj/InfoPlist.strings; sourceTree = "<group>"; };
		6F12E34F1892FEE40030AE4C /* main.m */ = {isa = PBXFileReference; lastKnownFileType = sourcecode.c.objc; path = main.m; sourceTree = "<group>"; };
		6F12E3511892FEE40030AE4C /* Critik-Prefix.pch */ = {isa = PBXFileReference; lastKnownFileType = sourcecode.c.h; path = "Critik-Prefix.pch"; sourceTree = "<group>"; };
		6F12E3521892FEE40030AE4C /* AppDelegate.h */ = {isa = PBXFileReference; lastKnownFileType = sourcecode.c.h; path = AppDelegate.h; sourceTree = "<group>"; };
		6F12E3531892FEE40030AE4C /* AppDelegate.m */ = {isa = PBXFileReference; lastKnownFileType = sourcecode.c.objc; path = AppDelegate.m; sourceTree = "<group>"; };
		6F12E3561892FEE40030AE4C /* Base */ = {isa = PBXFileReference; lastKnownFileType = file.storyboard; name = Base; path = Base.lproj/Main.storyboard; sourceTree = "<group>"; };
		6F12E3591892FEE40030AE4C /* Critik.xcdatamodel */ = {isa = PBXFileReference; lastKnownFileType = wrapper.xcdatamodel; path = Critik.xcdatamodel; sourceTree = "<group>"; };
		6F12E3611892FEE40030AE4C /* Images.xcassets */ = {isa = PBXFileReference; lastKnownFileType = folder.assetcatalog; path = Images.xcassets; sourceTree = "<group>"; };
		6F12E3671892FEE40030AE4C /* CritikTests.xctest */ = {isa = PBXFileReference; explicitFileType = wrapper.cfbundle; includeInIndex = 0; path = CritikTests.xctest; sourceTree = BUILT_PRODUCTS_DIR; };
		6F12E3681892FEE40030AE4C /* XCTest.framework */ = {isa = PBXFileReference; lastKnownFileType = wrapper.framework; name = XCTest.framework; path = Library/Frameworks/XCTest.framework; sourceTree = DEVELOPER_DIR; };
		6F12E3711892FEE40030AE4C /* CritikTests-Info.plist */ = {isa = PBXFileReference; lastKnownFileType = text.plist.xml; path = "CritikTests-Info.plist"; sourceTree = "<group>"; };
		6F12E3731892FEE40030AE4C /* en */ = {isa = PBXFileReference; lastKnownFileType = text.plist.strings; name = en; path = en.lproj/InfoPlist.strings; sourceTree = "<group>"; };
		6F12E3751892FEE40030AE4C /* CritikTests.m */ = {isa = PBXFileReference; lastKnownFileType = sourcecode.c.objc; path = CritikTests.m; sourceTree = "<group>"; };
		6F26384A18EB449200E8CB54 /* Module.h */ = {isa = PBXFileReference; fileEncoding = 4; lastKnownFileType = sourcecode.c.h; path = Module.h; sourceTree = "<group>"; };
		6F26384B18EB449200E8CB54 /* Module.m */ = {isa = PBXFileReference; fileEncoding = 4; lastKnownFileType = sourcecode.c.objc; path = Module.m; sourceTree = "<group>"; };
		6F26384D18EB4F4200E8CB54 /* plusQuickGrade.png */ = {isa = PBXFileReference; lastKnownFileType = image.png; path = plusQuickGrade.png; sourceTree = "<group>"; };
		6F26384E18EB4F4200E8CB54 /* okQuickGrade.png */ = {isa = PBXFileReference; lastKnownFileType = image.png; path = okQuickGrade.png; sourceTree = "<group>"; };
		6F26384F18EB4F4200E8CB54 /* minusQuickGrade.png */ = {isa = PBXFileReference; lastKnownFileType = image.png; path = minusQuickGrade.png; sourceTree = "<group>"; };
		6F332B9518F3779F00547116 /* Student.h */ = {isa = PBXFileReference; fileEncoding = 4; lastKnownFileType = sourcecode.c.h; path = Student.h; sourceTree = "<group>"; };
		6F332B9618F3779F00547116 /* Student.m */ = {isa = PBXFileReference; fileEncoding = 4; lastKnownFileType = sourcecode.c.objc; path = Student.m; sourceTree = "<group>"; };
		6F332BA818F4B10800547116 /* NavBar.png */ = {isa = PBXFileReference; lastKnownFileType = image.png; name = NavBar.png; path = Home/NavBar.png; sourceTree = "<group>"; };
		6F451196190C3B2A0083541B /* Critik.sqlite */ = {isa = PBXFileReference; lastKnownFileType = file; path = Critik.sqlite; sourceTree = "<group>"; };
		6F451197190C3B2A0083541B /* Critik.sqlite-shm */ = {isa = PBXFileReference; lastKnownFileType = file; path = "Critik.sqlite-shm"; sourceTree = "<group>"; };
		6F451198190C3B2A0083541B /* Critik.sqlite-wal */ = {isa = PBXFileReference; lastKnownFileType = text; path = "Critik.sqlite-wal"; sourceTree = "<group>"; };
		6F4511A5190C45920083541B /* StudentOrderPopoverVC.h */ = {isa = PBXFileReference; fileEncoding = 4; lastKnownFileType = sourcecode.c.h; path = StudentOrderPopoverVC.h; sourceTree = "<group>"; };
		6F4511A6190C45920083541B /* StudentOrderPopoverVC.m */ = {isa = PBXFileReference; fileEncoding = 4; lastKnownFileType = sourcecode.c.objc; path = StudentOrderPopoverVC.m; sourceTree = "<group>"; };
		6F4511A8190DA4890083541B /* QuickGrade.h */ = {isa = PBXFileReference; fileEncoding = 4; lastKnownFileType = sourcecode.c.h; path = QuickGrade.h; sourceTree = "<group>"; };
		6F4511A9190DA4890083541B /* QuickGrade.m */ = {isa = PBXFileReference; fileEncoding = 4; lastKnownFileType = sourcecode.c.objc; path = QuickGrade.m; sourceTree = "<group>"; };
		6F4511AB190DA48A0083541B /* StudentSpeech.h */ = {isa = PBXFileReference; fileEncoding = 4; lastKnownFileType = sourcecode.c.h; path = StudentSpeech.h; sourceTree = "<group>"; };
		6F4511AC190DA48A0083541B /* StudentSpeech.m */ = {isa = PBXFileReference; fileEncoding = 4; lastKnownFileType = sourcecode.c.objc; path = StudentSpeech.m; sourceTree = "<group>"; };
		6F4511AE190DA48A0083541B /* PreDefinedComments.h */ = {isa = PBXFileReference; fileEncoding = 4; lastKnownFileType = sourcecode.c.h; path = PreDefinedComments.h; sourceTree = "<group>"; };
		6F4511AF190DA48A0083541B /* PreDefinedComments.m */ = {isa = PBXFileReference; fileEncoding = 4; lastKnownFileType = sourcecode.c.objc; path = PreDefinedComments.m; sourceTree = "<group>"; };
		6F4511B1190DAF4D0083541B /* Critik 2.xcdatamodel */ = {isa = PBXFileReference; lastKnownFileType = wrapper.xcdatamodel; path = "Critik 2.xcdatamodel"; sourceTree = "<group>"; };
		6F4511B4190DBDE10083541B /* AdditionalCommentsPopoverVC.h */ = {isa = PBXFileReference; fileEncoding = 4; lastKnownFileType = sourcecode.c.h; path = AdditionalCommentsPopoverVC.h; sourceTree = "<group>"; };
		6F4511B5190DBDE10083541B /* AdditionalCommentsPopoverVC.m */ = {isa = PBXFileReference; fileEncoding = 4; lastKnownFileType = sourcecode.c.objc; path = AdditionalCommentsPopoverVC.m; sourceTree = "<group>"; };
		6F4511C1190DEBD60083541B /* custom_comments.png */ = {isa = PBXFileReference; lastKnownFileType = image.png; path = custom_comments.png; sourceTree = "<group>"; };
		6F4511CD190E08640083541B /* options.png */ = {isa = PBXFileReference; lastKnownFileType = image.png; path = options.png; sourceTree = "<group>"; };
		6F4511CE190E08640083541B /* pause.png */ = {isa = PBXFileReference; lastKnownFileType = image.png; path = pause.png; sourceTree = "<group>"; };
		6F4511CF190E08640083541B /* play.png */ = {isa = PBXFileReference; lastKnownFileType = image.png; path = play.png; sourceTree = "<group>"; };
		6F4511D0190E08640083541B /* reset.png */ = {isa = PBXFileReference; lastKnownFileType = image.png; path = reset.png; sourceTree = "<group>"; };
		6F4EE03018ABF69F00FABCF2 /* HomeVC.h */ = {isa = PBXFileReference; fileEncoding = 4; lastKnownFileType = sourcecode.c.h; path = HomeVC.h; sourceTree = "<group>"; };
		6F4EE03118ABF69F00FABCF2 /* HomeVC.m */ = {isa = PBXFileReference; fileEncoding = 4; lastKnownFileType = sourcecode.c.objc; path = HomeVC.m; sourceTree = "<group>"; };
		6F4EE08718ADAEAC00FABCF2 /* CritikNavController.h */ = {isa = PBXFileReference; fileEncoding = 4; lastKnownFileType = sourcecode.c.h; path = CritikNavController.h; sourceTree = "<group>"; };
		6F4EE08818ADAEAC00FABCF2 /* CritikNavController.m */ = {isa = PBXFileReference; fileEncoding = 4; lastKnownFileType = sourcecode.c.objc; path = CritikNavController.m; sourceTree = "<group>"; };
		6F4EE0E618B1721B00FABCF2 /* NavButton-Selected.png */ = {isa = PBXFileReference; lastKnownFileType = image.png; name = "NavButton-Selected.png"; path = "Home/NavButton-Selected.png"; sourceTree = "<group>"; };
		6F4EE0E718B1721B00FABCF2 /* NavButton.png */ = {isa = PBXFileReference; lastKnownFileType = image.png; name = NavButton.png; path = Home/NavButton.png; sourceTree = "<group>"; };
		6F4EE0E918B1721B00FABCF2 /* Default-Landscape.png */ = {isa = PBXFileReference; lastKnownFileType = image.png; path = "Default-Landscape.png"; sourceTree = "<group>"; };
		6F4EE0EB18B1721B00FABCF2 /* icon.png */ = {isa = PBXFileReference; lastKnownFileType = image.png; path = icon.png; sourceTree = "<group>"; };
		6F4EE0ED18B1721B00FABCF2 /* Icon-40.png */ = {isa = PBXFileReference; lastKnownFileType = image.png; path = "Icon-40.png"; sourceTree = "<group>"; };
		6F4EE0EE18B1721B00FABCF2 /* Icon-40@2x.png */ = {isa = PBXFileReference; lastKnownFileType = image.png; path = "Icon-40@2x.png"; sourceTree = "<group>"; };
		6F4EE0EF18B1721B00FABCF2 /* Icon-60.png */ = {isa = PBXFileReference; lastKnownFileType = image.png; path = "Icon-60.png"; sourceTree = "<group>"; };
		6F4EE0F018B1721B00FABCF2 /* Icon-60@2x.png */ = {isa = PBXFileReference; lastKnownFileType = image.png; path = "Icon-60@2x.png"; sourceTree = "<group>"; };
		6F4EE0F118B1721B00FABCF2 /* Icon-72.png */ = {isa = PBXFileReference; lastKnownFileType = image.png; path = "Icon-72.png"; sourceTree = "<group>"; };
		6F4EE0F218B1721B00FABCF2 /* Icon-72@2x.png */ = {isa = PBXFileReference; lastKnownFileType = image.png; path = "Icon-72@2x.png"; sourceTree = "<group>"; };
		6F4EE0F318B1721B00FABCF2 /* Icon-76.png */ = {isa = PBXFileReference; lastKnownFileType = image.png; path = "Icon-76.png"; sourceTree = "<group>"; };
		6F4EE0F418B1721B00FABCF2 /* Icon-76@2x.png */ = {isa = PBXFileReference; lastKnownFileType = image.png; path = "Icon-76@2x.png"; sourceTree = "<group>"; };
		6F4EE0F518B1721B00FABCF2 /* Icon-Small-50.png */ = {isa = PBXFileReference; lastKnownFileType = image.png; path = "Icon-Small-50.png"; sourceTree = "<group>"; };
		6F4EE0F618B1721B00FABCF2 /* Icon-Small-50@2x.png */ = {isa = PBXFileReference; lastKnownFileType = image.png; path = "Icon-Small-50@2x.png"; sourceTree = "<group>"; };
		6F4EE0F718B1721B00FABCF2 /* Icon-Small.png */ = {isa = PBXFileReference; lastKnownFileType = image.png; path = "Icon-Small.png"; sourceTree = "<group>"; };
		6F4EE0F818B1721B00FABCF2 /* Icon-Small@2x.png */ = {isa = PBXFileReference; lastKnownFileType = image.png; path = "Icon-Small@2x.png"; sourceTree = "<group>"; };
		6F4EE0F918B1721B00FABCF2 /* Icon.png */ = {isa = PBXFileReference; lastKnownFileType = image.png; path = Icon.png; sourceTree = "<group>"; };
		6F4EE0FA18B1721B00FABCF2 /* Icon@2x.png */ = {isa = PBXFileReference; lastKnownFileType = image.png; path = "Icon@2x.png"; sourceTree = "<group>"; };
		6F4EE0FB18B1721B00FABCF2 /* iTunesArtwork.png */ = {isa = PBXFileReference; lastKnownFileType = image.png; path = iTunesArtwork.png; sourceTree = "<group>"; };
		6F4EE0FC18B1721B00FABCF2 /* iTunesArtwork@2x.png */ = {isa = PBXFileReference; lastKnownFileType = image.png; path = "iTunesArtwork@2x.png"; sourceTree = "<group>"; };
		6F4EE11218B1791300FABCF2 /* Home@2x-Landscape.png */ = {isa = PBXFileReference; lastKnownFileType = image.png; name = "Home@2x-Landscape.png"; path = "Home/Home@2x-Landscape.png"; sourceTree = "<group>"; };
		6F5479F918BD2F1400353383 /* DropboxSDK.framework */ = {isa = PBXFileReference; lastKnownFileType = wrapper.framework; path = DropboxSDK.framework; sourceTree = "<group>"; };
		6F9E011D18D8BCA900F509B7 /* CoreText.framework */ = {isa = PBXFileReference; lastKnownFileType = wrapper.framework; name = CoreText.framework; path = System/Library/Frameworks/CoreText.framework; sourceTree = SDKROOT; };
		6FAD860818B83632001C8F54 /* PopOverNavBar.png */ = {isa = PBXFileReference; lastKnownFileType = image.png; name = PopOverNavBar.png; path = Home/PopOverNavBar.png; sourceTree = "<group>"; };
		6FC0223318C44EDF0022B854 /* StudentPenaltiesVC.h */ = {isa = PBXFileReference; fileEncoding = 4; lastKnownFileType = sourcecode.c.h; path = StudentPenaltiesVC.h; sourceTree = "<group>"; };
		6FC0223418C44EDF0022B854 /* StudentPenaltiesVC.m */ = {isa = PBXFileReference; fileEncoding = 4; lastKnownFileType = sourcecode.c.objc; path = StudentPenaltiesVC.m; sourceTree = "<group>"; };
		6FC0223618C4D6C90022B854 /* SpeechFinalizeVC.h */ = {isa = PBXFileReference; fileEncoding = 4; lastKnownFileType = sourcecode.c.h; path = SpeechFinalizeVC.h; sourceTree = "<group>"; };
		6FC0223718C4D6C90022B854 /* SpeechFinalizeVC.m */ = {isa = PBXFileReference; fileEncoding = 4; lastKnownFileType = sourcecode.c.objc; path = SpeechFinalizeVC.m; sourceTree = "<group>"; };
		6FD1D3C818DA6EF20039F98F /* Speech.h */ = {isa = PBXFileReference; fileEncoding = 4; lastKnownFileType = sourcecode.c.h; path = Speech.h; sourceTree = "<group>"; };
		6FD1D3C918DA6EF20039F98F /* Speech.m */ = {isa = PBXFileReference; fileEncoding = 4; lastKnownFileType = sourcecode.c.objc; path = Speech.m; sourceTree = "<group>"; };
		6FED858718C2493F0084A96A /* SpeechSelectionVC.h */ = {isa = PBXFileReference; fileEncoding = 4; lastKnownFileType = sourcecode.c.h; path = SpeechSelectionVC.h; sourceTree = "<group>"; };
		6FED858818C2493F0084A96A /* SpeechSelectionVC.m */ = {isa = PBXFileReference; fileEncoding = 4; lastKnownFileType = sourcecode.c.objc; path = SpeechSelectionVC.m; sourceTree = "<group>"; };
		6FED858A18C24BE70084A96A /* StudentSelectionVC.h */ = {isa = PBXFileReference; fileEncoding = 4; lastKnownFileType = sourcecode.c.h; path = StudentSelectionVC.h; sourceTree = "<group>"; };
		6FED858B18C24BE70084A96A /* StudentSelectionVC.m */ = {isa = PBXFileReference; fileEncoding = 4; lastKnownFileType = sourcecode.c.objc; path = StudentSelectionVC.m; sourceTree = "<group>"; };
		6FED858D18C24DCE0084A96A /* StudentEvaluationVC.h */ = {isa = PBXFileReference; fileEncoding = 4; lastKnownFileType = sourcecode.c.h; path = StudentEvaluationVC.h; sourceTree = "<group>"; };
		6FED858E18C24DCE0084A96A /* StudentEvaluationVC.m */ = {isa = PBXFileReference; fileEncoding = 4; lastKnownFileType = sourcecode.c.objc; path = StudentEvaluationVC.m; sourceTree = "<group>"; };
/* End PBXFileReference section */

/* Begin PBXFrameworksBuildPhase section */
		6F12E33B1892FEE40030AE4C /* Frameworks */ = {
			isa = PBXFrameworksBuildPhase;
			buildActionMask = 2147483647;
			files = (
				6F9E011E18D8BCA900F509B7 /* CoreText.framework in Frameworks */,
				6F12E3441892FEE40030AE4C /* CoreGraphics.framework in Frameworks */,
				1F2176B218D633F30065EC79 /* DropboxSDK.framework in Frameworks */,
				6F12E3481892FEE40030AE4C /* CoreData.framework in Frameworks */,
				6F12E3461892FEE40030AE4C /* UIKit.framework in Frameworks */,
				6F12E3421892FEE40030AE4C /* Foundation.framework in Frameworks */,
			);
			runOnlyForDeploymentPostprocessing = 0;
		};
		6F12E3641892FEE40030AE4C /* Frameworks */ = {
			isa = PBXFrameworksBuildPhase;
			buildActionMask = 2147483647;
			files = (
				6F12E3691892FEE40030AE4C /* XCTest.framework in Frameworks */,
				6F12E36C1892FEE40030AE4C /* CoreData.framework in Frameworks */,
				6F12E36B1892FEE40030AE4C /* UIKit.framework in Frameworks */,
				6F12E36A1892FEE40030AE4C /* Foundation.framework in Frameworks */,
			);
			runOnlyForDeploymentPostprocessing = 0;
		};
/* End PBXFrameworksBuildPhase section */

/* Begin PBXGroup section */
		6F12E3351892FEE40030AE4C = {
			isa = PBXGroup;
			children = (
				6F12E3491892FEE40030AE4C /* Critik */,
				6F12E36F1892FEE40030AE4C /* CritikTests */,
				6F12E3401892FEE40030AE4C /* Frameworks */,
				6F12E33F1892FEE40030AE4C /* Products */,
			);
			sourceTree = "<group>";
		};
		6F12E33F1892FEE40030AE4C /* Products */ = {
			isa = PBXGroup;
			children = (
				6F12E33E1892FEE40030AE4C /* Critik.app */,
				6F12E3671892FEE40030AE4C /* CritikTests.xctest */,
			);
			name = Products;
			sourceTree = "<group>";
		};
		6F12E3401892FEE40030AE4C /* Frameworks */ = {
			isa = PBXGroup;
			children = (
				6F9E011D18D8BCA900F509B7 /* CoreText.framework */,
				6F5479F918BD2F1400353383 /* DropboxSDK.framework */,
				6F12E3411892FEE40030AE4C /* Foundation.framework */,
				6F12E3431892FEE40030AE4C /* CoreGraphics.framework */,
				6F12E3451892FEE40030AE4C /* UIKit.framework */,
				6F12E3471892FEE40030AE4C /* CoreData.framework */,
				6F12E3681892FEE40030AE4C /* XCTest.framework */,
			);
			name = Frameworks;
			sourceTree = "<group>";
		};
		6F12E3491892FEE40030AE4C /* Critik */ = {
			isa = PBXGroup;
			children = (
				6F12E3521892FEE40030AE4C /* AppDelegate.h */,
				6F12E3531892FEE40030AE4C /* AppDelegate.m */,
				6F12E3551892FEE40030AE4C /* Main.storyboard */,
				6F4EE08718ADAEAC00FABCF2 /* CritikNavController.h */,
				6F4EE08818ADAEAC00FABCF2 /* CritikNavController.m */,
				6F4EE03018ABF69F00FABCF2 /* HomeVC.h */,
				6F4EE03118ABF69F00FABCF2 /* HomeVC.m */,
				6FED858018BFF1620084A96A /* Edit View Controllers */,
				6FAD861018B83C00001C8F54 /* Evaluation View Controllers */,
				6F45118F190C37800083541B /* Core Data */,
				6F4EE02F18ABEF3300FABCF2 /* Images */,
				6F12E34A1892FEE40030AE4C /* Supporting Files */,
			);
			path = Critik;
			sourceTree = "<group>";
		};
		6F12E34A1892FEE40030AE4C /* Supporting Files */ = {
			isa = PBXGroup;
			children = (
				6F12E34B1892FEE40030AE4C /* Critik-Info.plist */,
				6F12E34C1892FEE40030AE4C /* InfoPlist.strings */,
				6F12E34F1892FEE40030AE4C /* main.m */,
				6F12E3511892FEE40030AE4C /* Critik-Prefix.pch */,
			);
			name = "Supporting Files";
			sourceTree = "<group>";
		};
		6F12E36F1892FEE40030AE4C /* CritikTests */ = {
			isa = PBXGroup;
			children = (
				6F12E3751892FEE40030AE4C /* CritikTests.m */,
				6F12E3701892FEE40030AE4C /* Supporting Files */,
			);
			path = CritikTests;
			sourceTree = "<group>";
		};
		6F12E3701892FEE40030AE4C /* Supporting Files */ = {
			isa = PBXGroup;
			children = (
				6F12E3711892FEE40030AE4C /* CritikTests-Info.plist */,
				6F12E3721892FEE40030AE4C /* InfoPlist.strings */,
			);
			name = "Supporting Files";
			sourceTree = "<group>";
		};
		6F26385318EB4F4D00E8CB54 /* PDFQuickGradeScale */ = {
			isa = PBXGroup;
			children = (
				6F26384D18EB4F4200E8CB54 /* plusQuickGrade.png */,
				6F26384E18EB4F4200E8CB54 /* okQuickGrade.png */,
				6F26384F18EB4F4200E8CB54 /* minusQuickGrade.png */,
			);
			name = PDFQuickGradeScale;
			sourceTree = "<group>";
		};
		6F45118F190C37800083541B /* Core Data */ = {
			isa = PBXGroup;
			children = (
				6F12E3581892FEE40030AE4C /* Critik.xcdatamodeld */,
				6F451196190C3B2A0083541B /* Critik.sqlite */,
				6F451197190C3B2A0083541B /* Critik.sqlite-shm */,
				6F451198190C3B2A0083541B /* Critik.sqlite-wal */,
				6F4EE13918B2968500FABCF2 /* Classes */,
			);
			name = "Core Data";
			sourceTree = "<group>";
		};
		6F45119C190C3E340083541B /* Buttons */ = {
			isa = PBXGroup;
			children = (
				6F4EE0E718B1721B00FABCF2 /* NavButton.png */,
				6F4EE0E618B1721B00FABCF2 /* NavButton-Selected.png */,
				6F4511CD190E08640083541B /* options.png */,
				6F4511CE190E08640083541B /* pause.png */,
				6F4511CF190E08640083541B /* play.png */,
				6F4511D0190E08640083541B /* reset.png */,
				6F4511C1190DEBD60083541B /* custom_comments.png */,
			);
			name = Buttons;
			sourceTree = "<group>";
		};
		6F4EE02F18ABEF3300FABCF2 /* Images */ = {
			isa = PBXGroup;
			children = (
				6F12E3611892FEE40030AE4C /* Images.xcassets */,
				6F332BA818F4B10800547116 /* NavBar.png */,
				6FAD860818B83632001C8F54 /* PopOverNavBar.png */,
				6F4EE11218B1791300FABCF2 /* Home@2x-Landscape.png */,
				6F45119C190C3E340083541B /* Buttons */,
				6F26385318EB4F4D00E8CB54 /* PDFQuickGradeScale */,
				6F4EE0E818B1721B00FABCF2 /* Splash */,
				6F4EE0EA18B1721B00FABCF2 /* Icon */,
			);
			name = Images;
			sourceTree = "<group>";
		};
		6F4EE0E818B1721B00FABCF2 /* Splash */ = {
			isa = PBXGroup;
			children = (
				6F4EE0E918B1721B00FABCF2 /* Default-Landscape.png */,
			);
			path = Splash;
			sourceTree = "<group>";
		};
		6F4EE0EA18B1721B00FABCF2 /* Icon */ = {
			isa = PBXGroup;
			children = (
				6F4EE0EB18B1721B00FABCF2 /* icon.png */,
				6F4EE0EC18B1721B00FABCF2 /* ios7 */,
			);
			path = Icon;
			sourceTree = "<group>";
		};
		6F4EE0EC18B1721B00FABCF2 /* ios7 */ = {
			isa = PBXGroup;
			children = (
				6F4EE0ED18B1721B00FABCF2 /* Icon-40.png */,
				6F4EE0EE18B1721B00FABCF2 /* Icon-40@2x.png */,
				6F4EE0EF18B1721B00FABCF2 /* Icon-60.png */,
				6F4EE0F018B1721B00FABCF2 /* Icon-60@2x.png */,
				6F4EE0F118B1721B00FABCF2 /* Icon-72.png */,
				6F4EE0F218B1721B00FABCF2 /* Icon-72@2x.png */,
				6F4EE0F318B1721B00FABCF2 /* Icon-76.png */,
				6F4EE0F418B1721B00FABCF2 /* Icon-76@2x.png */,
				6F4EE0F518B1721B00FABCF2 /* Icon-Small-50.png */,
				6F4EE0F618B1721B00FABCF2 /* Icon-Small-50@2x.png */,
				6F4EE0F718B1721B00FABCF2 /* Icon-Small.png */,
				6F4EE0F818B1721B00FABCF2 /* Icon-Small@2x.png */,
				6F4EE0F918B1721B00FABCF2 /* Icon.png */,
				6F4EE0FA18B1721B00FABCF2 /* Icon@2x.png */,
				6F4EE0FB18B1721B00FABCF2 /* iTunesArtwork.png */,
				6F4EE0FC18B1721B00FABCF2 /* iTunesArtwork@2x.png */,
			);
			path = ios7;
			sourceTree = "<group>";
		};
		6F4EE13918B2968500FABCF2 /* Classes */ = {
			isa = PBXGroup;
			children = (
				1F57CD8518C126C400DE2B50 /* Section.h */,
				1F57CD8618C126C400DE2B50 /* Section.m */,
				6FD1D3C818DA6EF20039F98F /* Speech.h */,
				6FD1D3C918DA6EF20039F98F /* Speech.m */,
				6F26384A18EB449200E8CB54 /* Module.h */,
				6F26384B18EB449200E8CB54 /* Module.m */,
				6F332B9518F3779F00547116 /* Student.h */,
				6F332B9618F3779F00547116 /* Student.m */,
				6F4511AE190DA48A0083541B /* PreDefinedComments.h */,
				6F4511AF190DA48A0083541B /* PreDefinedComments.m */,
				6F4511AB190DA48A0083541B /* StudentSpeech.h */,
				6F4511AC190DA48A0083541B /* StudentSpeech.m */,
				6F4511A8190DA4890083541B /* QuickGrade.h */,
				6F4511A9190DA4890083541B /* QuickGrade.m */,
			);
			name = Classes;
			path = ..;
			sourceTree = "<group>";
		};
		6FAD861018B83C00001C8F54 /* Evaluation View Controllers */ = {
			isa = PBXGroup;
			children = (
				6FED858718C2493F0084A96A /* SpeechSelectionVC.h */,
				6FED858818C2493F0084A96A /* SpeechSelectionVC.m */,
				6FED858A18C24BE70084A96A /* StudentSelectionVC.h */,
				6FED858B18C24BE70084A96A /* StudentSelectionVC.m */,
				6FED858D18C24DCE0084A96A /* StudentEvaluationVC.h */,
				6FED858E18C24DCE0084A96A /* StudentEvaluationVC.m */,
				6FC0223318C44EDF0022B854 /* StudentPenaltiesVC.h */,
				6FC0223418C44EDF0022B854 /* StudentPenaltiesVC.m */,
				6FC0223618C4D6C90022B854 /* SpeechFinalizeVC.h */,
				6FC0223718C4D6C90022B854 /* SpeechFinalizeVC.m */,
				6F4511A5190C45920083541B /* StudentOrderPopoverVC.h */,
				6F4511A6190C45920083541B /* StudentOrderPopoverVC.m */,
				6F4511B4190DBDE10083541B /* AdditionalCommentsPopoverVC.h */,
				6F4511B5190DBDE10083541B /* AdditionalCommentsPopoverVC.m */,
			);
			name = "Evaluation View Controllers";
			sourceTree = "<group>";
		};
		6FED858018BFF1620084A96A /* Edit View Controllers */ = {
			isa = PBXGroup;
			children = (
				1F4F1B8018B5C1820015026A /* AddStudentVC.h */,
				1F4F1B8118B5C1820015026A /* AddStudentVC.m */,
				1F9A516018B46616009A1253 /* AddSectionVC.h */,
				1F9A516118B46616009A1253 /* AddSectionVC.m */,
				1F203F9E18B3F0F9007C9F7E /* EditSectionVC.h */,
				1F203F9F18B3F0F9007C9F7E /* EditSectionVC.m */,
				1F44E1E018BFFC7D0042FCB9 /* EditSpeechVC.h */,
				1F44E1E118BFFC7D0042FCB9 /* EditSpeechVC.m */,
				1F6A5B2018C15B64006D2C9F /* EditForms_ChooseSpeechVC.h */,
				1F6A5B2118C15B64006D2C9F /* EditForms_ChooseSpeechVC.m */,
				1F6A5B2C18C1C2A0006D2C9F /* AddToModuleVC.h */,
				1F6A5B2D18C1C2A0006D2C9F /* AddToModuleVC.m */,
				1FB969B3190C419B00E8BB3A /* MenuPopoverVC.h */,
				1FB969B4190C419B00E8BB3A /* MenuPopoverVC.m */,
			);
			name = "Edit View Controllers";
			sourceTree = "<group>";
		};
/* End PBXGroup section */

/* Begin PBXNativeTarget section */
		6F12E33D1892FEE40030AE4C /* Critik */ = {
			isa = PBXNativeTarget;
			buildConfigurationList = 6F12E3791892FEE40030AE4C /* Build configuration list for PBXNativeTarget "Critik" */;
			buildPhases = (
				6F12E33A1892FEE40030AE4C /* Sources */,
				6F12E33B1892FEE40030AE4C /* Frameworks */,
				6F12E33C1892FEE40030AE4C /* Resources */,
			);
			buildRules = (
			);
			dependencies = (
			);
			name = Critik;
			productName = Critik;
			productReference = 6F12E33E1892FEE40030AE4C /* Critik.app */;
			productType = "com.apple.product-type.application";
		};
		6F12E3661892FEE40030AE4C /* CritikTests */ = {
			isa = PBXNativeTarget;
			buildConfigurationList = 6F12E37C1892FEE40030AE4C /* Build configuration list for PBXNativeTarget "CritikTests" */;
			buildPhases = (
				6F12E3631892FEE40030AE4C /* Sources */,
				6F12E3641892FEE40030AE4C /* Frameworks */,
				6F12E3651892FEE40030AE4C /* Resources */,
			);
			buildRules = (
			);
			dependencies = (
				6F12E36E1892FEE40030AE4C /* PBXTargetDependency */,
			);
			name = CritikTests;
			productName = CritikTests;
			productReference = 6F12E3671892FEE40030AE4C /* CritikTests.xctest */;
			productType = "com.apple.product-type.bundle.unit-test";
		};
/* End PBXNativeTarget section */

/* Begin PBXProject section */
		6F12E3361892FEE40030AE4C /* Project object */ = {
			isa = PBXProject;
			attributes = {
				LastUpgradeCheck = 0510;
				ORGANIZATIONNAME = RedVelvet;
				TargetAttributes = {
					6F12E33D1892FEE40030AE4C = {
						DevelopmentTeam = 583N2DJ8B2;
					};
					6F12E3661892FEE40030AE4C = {
						TestTargetID = 6F12E33D1892FEE40030AE4C;
					};
				};
			};
			buildConfigurationList = 6F12E3391892FEE40030AE4C /* Build configuration list for PBXProject "Critik" */;
			compatibilityVersion = "Xcode 3.2";
			developmentRegion = English;
			hasScannedForEncodings = 0;
			knownRegions = (
				en,
				Base,
			);
			mainGroup = 6F12E3351892FEE40030AE4C;
			productRefGroup = 6F12E33F1892FEE40030AE4C /* Products */;
			projectDirPath = "";
			projectRoot = "";
			targets = (
				6F12E33D1892FEE40030AE4C /* Critik */,
				6F12E3661892FEE40030AE4C /* CritikTests */,
			);
		};
/* End PBXProject section */

/* Begin PBXResourcesBuildPhase section */
		6F12E33C1892FEE40030AE4C /* Resources */ = {
			isa = PBXResourcesBuildPhase;
			buildActionMask = 2147483647;
			files = (
				6F4EE10B18B1721B00FABCF2 /* Icon-Small-50@2x.png in Resources */,
				6F4EE10718B1721B00FABCF2 /* Icon-72@2x.png in Resources */,
				6F12E3621892FEE40030AE4C /* Images.xcassets in Resources */,
				6F451199190C3B2A0083541B /* Critik.sqlite in Resources */,
				6F4EE10818B1721B00FABCF2 /* Icon-76.png in Resources */,
				6F12E34E1892FEE40030AE4C /* InfoPlist.strings in Resources */,
				6F4511D4190E08640083541B /* reset.png in Resources */,
				6F4EE10F18B1721B00FABCF2 /* Icon@2x.png in Resources */,
				6F26385218EB4F4200E8CB54 /* minusQuickGrade.png in Resources */,
				6F4EE0FE18B1721B00FABCF2 /* NavButton-Selected.png in Resources */,
				6F12E3571892FEE40030AE4C /* Main.storyboard in Resources */,
				6F4EE10418B1721B00FABCF2 /* Icon-60.png in Resources */,
				6F26385018EB4F4200E8CB54 /* plusQuickGrade.png in Resources */,
				6F4EE11018B1721B00FABCF2 /* iTunesArtwork.png in Resources */,
				6F45119A190C3B2A0083541B /* Critik.sqlite-shm in Resources */,
				6F4EE10118B1721B00FABCF2 /* icon.png in Resources */,
				6F4EE10018B1721B00FABCF2 /* Default-Landscape.png in Resources */,
				6F4EE10C18B1721B00FABCF2 /* Icon-Small.png in Resources */,
				6F4511D2190E08640083541B /* pause.png in Resources */,
				6F4EE10E18B1721B00FABCF2 /* Icon.png in Resources */,
				6F4EE0FF18B1721B00FABCF2 /* NavButton.png in Resources */,
				6F4EE10D18B1721B00FABCF2 /* Icon-Small@2x.png in Resources */,
				6F4EE10A18B1721B00FABCF2 /* Icon-Small-50.png in Resources */,
				6F4EE10618B1721B00FABCF2 /* Icon-72.png in Resources */,
				6F4EE11118B1721B00FABCF2 /* iTunesArtwork@2x.png in Resources */,
				6FAD860918B83632001C8F54 /* PopOverNavBar.png in Resources */,
				6F4EE11318B1791300FABCF2 /* Home@2x-Landscape.png in Resources */,
				6F4EE10218B1721B00FABCF2 /* Icon-40.png in Resources */,
				6F4511D1190E08640083541B /* options.png in Resources */,
				6F4EE10318B1721B00FABCF2 /* Icon-40@2x.png in Resources */,
				6F4511D3190E08640083541B /* play.png in Resources */,
				6F4EE10918B1721B00FABCF2 /* Icon-76@2x.png in Resources */,
				6F4511C6190DEBD60083541B /* custom_comments.png in Resources */,
				6F332BA918F4B10800547116 /* NavBar.png in Resources */,
				6F45119B190C3B2A0083541B /* Critik.sqlite-wal in Resources */,
				6F26385118EB4F4200E8CB54 /* okQuickGrade.png in Resources */,
				6F4EE10518B1721B00FABCF2 /* Icon-60@2x.png in Resources */,
			);
			runOnlyForDeploymentPostprocessing = 0;
		};
		6F12E3651892FEE40030AE4C /* Resources */ = {
			isa = PBXResourcesBuildPhase;
			buildActionMask = 2147483647;
			files = (
				6F12E3741892FEE40030AE4C /* InfoPlist.strings in Resources */,
			);
			runOnlyForDeploymentPostprocessing = 0;
		};
/* End PBXResourcesBuildPhase section */

/* Begin PBXSourcesBuildPhase section */
		6F12E33A1892FEE40030AE4C /* Sources */ = {
			isa = PBXSourcesBuildPhase;
			buildActionMask = 2147483647;
			files = (
				6F4511AD190DA48A0083541B /* StudentSpeech.m in Sources */,
				6FED858F18C24DCE0084A96A /* StudentEvaluationVC.m in Sources */,
				6FD1D3CA18DA6EF20039F98F /* Speech.m in Sources */,
				1F4CF0D018C6D3EE004DDCDA /* EditForms_ChooseSpeechVC.m in Sources */,
				1F6A5B2E18C1C2A0006D2C9F /* AddToModuleVC.m in Sources */,
				1FB969B5190C419B00E8BB3A /* MenuPopoverVC.m in Sources */,
				1F57CD8718C126C400DE2B50 /* Section.m in Sources */,
				6F4EE08918ADAEAC00FABCF2 /* CritikNavController.m in Sources */,
				6F12E3541892FEE40030AE4C /* AppDelegate.m in Sources */,
				1F9A516218B46616009A1253 /* AddSectionVC.m in Sources */,
				6FC0223818C4D6C90022B854 /* SpeechFinalizeVC.m in Sources */,
				6F4511B6190DBDE10083541B /* AdditionalCommentsPopoverVC.m in Sources */,
				6F4EE03218ABF69F00FABCF2 /* HomeVC.m in Sources */,
				6FC0223518C44EDF0022B854 /* StudentPenaltiesVC.m in Sources */,
				6FED858918C2493F0084A96A /* SpeechSelectionVC.m in Sources */,
				6F332B9718F3779F00547116 /* Student.m in Sources */,
				6F4511AA190DA4890083541B /* QuickGrade.m in Sources */,
				6F12E35A1892FEE40030AE4C /* Critik.xcdatamodeld in Sources */,
				6F4511A7190C45920083541B /* StudentOrderPopoverVC.m in Sources */,
				1F44E1E218BFFC7D0042FCB9 /* EditSpeechVC.m in Sources */,
				6FED858C18C24BE70084A96A /* StudentSelectionVC.m in Sources */,
				1F4F1B8218B5C1820015026A /* AddStudentVC.m in Sources */,
				6F26384C18EB449200E8CB54 /* Module.m in Sources */,
				6F12E3501892FEE40030AE4C /* main.m in Sources */,
				1F203FA018B3F0F9007C9F7E /* EditSectionVC.m in Sources */,
				6F4511B0190DA48A0083541B /* PreDefinedComments.m in Sources */,
			);
			runOnlyForDeploymentPostprocessing = 0;
		};
		6F12E3631892FEE40030AE4C /* Sources */ = {
			isa = PBXSourcesBuildPhase;
			buildActionMask = 2147483647;
			files = (
				6F12E3761892FEE40030AE4C /* CritikTests.m in Sources */,
			);
			runOnlyForDeploymentPostprocessing = 0;
		};
/* End PBXSourcesBuildPhase section */

/* Begin PBXTargetDependency section */
		6F12E36E1892FEE40030AE4C /* PBXTargetDependency */ = {
			isa = PBXTargetDependency;
			target = 6F12E33D1892FEE40030AE4C /* Critik */;
			targetProxy = 6F12E36D1892FEE40030AE4C /* PBXContainerItemProxy */;
		};
/* End PBXTargetDependency section */

/* Begin PBXVariantGroup section */
		6F12E34C1892FEE40030AE4C /* InfoPlist.strings */ = {
			isa = PBXVariantGroup;
			children = (
				6F12E34D1892FEE40030AE4C /* en */,
			);
			name = InfoPlist.strings;
			sourceTree = "<group>";
		};
		6F12E3551892FEE40030AE4C /* Main.storyboard */ = {
			isa = PBXVariantGroup;
			children = (
				6F12E3561892FEE40030AE4C /* Base */,
			);
			name = Main.storyboard;
			sourceTree = "<group>";
		};
		6F12E3721892FEE40030AE4C /* InfoPlist.strings */ = {
			isa = PBXVariantGroup;
			children = (
				6F12E3731892FEE40030AE4C /* en */,
			);
			name = InfoPlist.strings;
			sourceTree = "<group>";
		};
/* End PBXVariantGroup section */

/* Begin XCBuildConfiguration section */
		6F12E3771892FEE40030AE4C /* Debug */ = {
			isa = XCBuildConfiguration;
			buildSettings = {
				ALWAYS_SEARCH_USER_PATHS = NO;
				CLANG_CXX_LANGUAGE_STANDARD = "gnu++0x";
				CLANG_CXX_LIBRARY = "libc++";
				CLANG_ENABLE_MODULES = YES;
				CLANG_ENABLE_OBJC_ARC = YES;
				CLANG_WARN_BOOL_CONVERSION = YES;
				CLANG_WARN_CONSTANT_CONVERSION = YES;
				CLANG_WARN_DIRECT_OBJC_ISA_USAGE = YES_ERROR;
				CLANG_WARN_EMPTY_BODY = YES;
				CLANG_WARN_ENUM_CONVERSION = YES;
				CLANG_WARN_INT_CONVERSION = YES;
				CLANG_WARN_OBJC_ROOT_CLASS = YES_ERROR;
				CLANG_WARN__DUPLICATE_METHOD_MATCH = YES;
				"CODE_SIGN_IDENTITY[sdk=iphoneos*]" = "iPhone Developer";
				COPY_PHASE_STRIP = NO;
				GCC_C_LANGUAGE_STANDARD = gnu99;
				GCC_DYNAMIC_NO_PIC = NO;
				GCC_OPTIMIZATION_LEVEL = 0;
				GCC_PREPROCESSOR_DEFINITIONS = (
					"DEBUG=1",
					"$(inherited)",
				);
				GCC_SYMBOLS_PRIVATE_EXTERN = NO;
				GCC_WARN_64_TO_32_BIT_CONVERSION = YES;
				GCC_WARN_ABOUT_RETURN_TYPE = YES_ERROR;
				GCC_WARN_UNDECLARED_SELECTOR = YES;
				GCC_WARN_UNINITIALIZED_AUTOS = YES;
				GCC_WARN_UNUSED_FUNCTION = YES;
				GCC_WARN_UNUSED_VARIABLE = YES;
				IPHONEOS_DEPLOYMENT_TARGET = 7.0;
				ONLY_ACTIVE_ARCH = YES;
				SDKROOT = iphoneos;
				TARGETED_DEVICE_FAMILY = 2;
			};
			name = Debug;
		};
		6F12E3781892FEE40030AE4C /* Release */ = {
			isa = XCBuildConfiguration;
			buildSettings = {
				ALWAYS_SEARCH_USER_PATHS = NO;
				CLANG_CXX_LANGUAGE_STANDARD = "gnu++0x";
				CLANG_CXX_LIBRARY = "libc++";
				CLANG_ENABLE_MODULES = YES;
				CLANG_ENABLE_OBJC_ARC = YES;
				CLANG_WARN_BOOL_CONVERSION = YES;
				CLANG_WARN_CONSTANT_CONVERSION = YES;
				CLANG_WARN_DIRECT_OBJC_ISA_USAGE = YES_ERROR;
				CLANG_WARN_EMPTY_BODY = YES;
				CLANG_WARN_ENUM_CONVERSION = YES;
				CLANG_WARN_INT_CONVERSION = YES;
				CLANG_WARN_OBJC_ROOT_CLASS = YES_ERROR;
				CLANG_WARN__DUPLICATE_METHOD_MATCH = YES;
				"CODE_SIGN_IDENTITY[sdk=iphoneos*]" = "iPhone Developer";
				COPY_PHASE_STRIP = YES;
				ENABLE_NS_ASSERTIONS = NO;
				GCC_C_LANGUAGE_STANDARD = gnu99;
				GCC_WARN_64_TO_32_BIT_CONVERSION = YES;
				GCC_WARN_ABOUT_RETURN_TYPE = YES_ERROR;
				GCC_WARN_UNDECLARED_SELECTOR = YES;
				GCC_WARN_UNINITIALIZED_AUTOS = YES;
				GCC_WARN_UNUSED_FUNCTION = YES;
				GCC_WARN_UNUSED_VARIABLE = YES;
				IPHONEOS_DEPLOYMENT_TARGET = 7.0;
				SDKROOT = iphoneos;
				TARGETED_DEVICE_FAMILY = 2;
				VALIDATE_PRODUCT = YES;
			};
			name = Release;
		};
		6F12E37A1892FEE40030AE4C /* Debug */ = {
			isa = XCBuildConfiguration;
			buildSettings = {
				ASSETCATALOG_COMPILER_APPICON_NAME = AppIcon;
				ASSETCATALOG_COMPILER_LAUNCHIMAGE_NAME = LaunchImage;
				CODE_SIGN_IDENTITY = "iPhone Developer";
				"CODE_SIGN_IDENTITY[sdk=iphoneos*]" = "iPhone Developer";
				COMPRESS_PNG_FILES = NO;
				FRAMEWORK_SEARCH_PATHS = (
					"$(inherited)",
					/Volumes/Macintosh,
					HD/Users/dougwettlaufer/Dropbox/Dropbox/School/College/Senior,
					Year/SoftwareengineeringII/Critik/NewProject,
					/Volumes/Macintosh,
					"HD/Users/dougwettlaufer/Downloads/dropbox-ios-sync-sdk-2.1.0",
					/Volumes/Macintosh,
					HD/Users/ddecker2010/Desktop/Critik/NewProject,
					"$(PROJECT_DIR)",
				);
				GCC_PRECOMPILE_PREFIX_HEADER = YES;
				GCC_PREFIX_HEADER = "Critik/Critik-Prefix.pch";
				INFOPLIST_FILE = "Critik/Critik-Info.plist";
				PRODUCT_NAME = "$(TARGET_NAME)";
				PROVISIONING_PROFILE = "";
				TARGETED_DEVICE_FAMILY = 2;
				WRAPPER_EXTENSION = app;
			};
			name = Debug;
		};
		6F12E37B1892FEE40030AE4C /* Release */ = {
			isa = XCBuildConfiguration;
			buildSettings = {
				ASSETCATALOG_COMPILER_APPICON_NAME = AppIcon;
				ASSETCATALOG_COMPILER_LAUNCHIMAGE_NAME = LaunchImage;
				CODE_SIGN_IDENTITY = "iPhone Developer";
				"CODE_SIGN_IDENTITY[sdk=iphoneos*]" = "iPhone Developer";
				COMPRESS_PNG_FILES = NO;
				FRAMEWORK_SEARCH_PATHS = (
					"$(inherited)",
					/Volumes/Macintosh,
					HD/Users/dougwettlaufer/Dropbox/Dropbox/School/College/Senior,
					Year/SoftwareengineeringII/Critik/NewProject,
					/Volumes/Macintosh,
					"HD/Users/dougwettlaufer/Downloads/dropbox-ios-sync-sdk-2.1.0",
					/Volumes/Macintosh,
					HD/Users/ddecker2010/Desktop/Critik/NewProject,
					"$(PROJECT_DIR)",
				);
				GCC_PRECOMPILE_PREFIX_HEADER = YES;
				GCC_PREFIX_HEADER = "Critik/Critik-Prefix.pch";
				INFOPLIST_FILE = "Critik/Critik-Info.plist";
				PRODUCT_NAME = "$(TARGET_NAME)";
				PROVISIONING_PROFILE = "";
				TARGETED_DEVICE_FAMILY = 2;
				WRAPPER_EXTENSION = app;
			};
			name = Release;
		};
		6F12E37D1892FEE40030AE4C /* Debug */ = {
			isa = XCBuildConfiguration;
			buildSettings = {
				BUNDLE_LOADER = "$(BUILT_PRODUCTS_DIR)/Critik.app/Critik";
				FRAMEWORK_SEARCH_PATHS = (
					"$(SDKROOT)/Developer/Library/Frameworks",
					"$(inherited)",
					"$(DEVELOPER_FRAMEWORKS_DIR)",
				);
				GCC_PRECOMPILE_PREFIX_HEADER = YES;
				GCC_PREFIX_HEADER = "Critik/Critik-Prefix.pch";
				GCC_PREPROCESSOR_DEFINITIONS = (
					"DEBUG=1",
					"$(inherited)",
				);
				INFOPLIST_FILE = "CritikTests/CritikTests-Info.plist";
				PRODUCT_NAME = "$(TARGET_NAME)";
				TEST_HOST = "$(BUNDLE_LOADER)";
				WRAPPER_EXTENSION = xctest;
			};
			name = Debug;
		};
		6F12E37E1892FEE40030AE4C /* Release */ = {
			isa = XCBuildConfiguration;
			buildSettings = {
				BUNDLE_LOADER = "$(BUILT_PRODUCTS_DIR)/Critik.app/Critik";
				FRAMEWORK_SEARCH_PATHS = (
					"$(SDKROOT)/Developer/Library/Frameworks",
					"$(inherited)",
					"$(DEVELOPER_FRAMEWORKS_DIR)",
				);
				GCC_PRECOMPILE_PREFIX_HEADER = YES;
				GCC_PREFIX_HEADER = "Critik/Critik-Prefix.pch";
				INFOPLIST_FILE = "CritikTests/CritikTests-Info.plist";
				PRODUCT_NAME = "$(TARGET_NAME)";
				TEST_HOST = "$(BUNDLE_LOADER)";
				WRAPPER_EXTENSION = xctest;
			};
			name = Release;
		};
/* End XCBuildConfiguration section */

/* Begin XCConfigurationList section */
		6F12E3391892FEE40030AE4C /* Build configuration list for PBXProject "Critik" */ = {
			isa = XCConfigurationList;
			buildConfigurations = (
				6F12E3771892FEE40030AE4C /* Debug */,
				6F12E3781892FEE40030AE4C /* Release */,
			);
			defaultConfigurationIsVisible = 0;
			defaultConfigurationName = Release;
		};
		6F12E3791892FEE40030AE4C /* Build configuration list for PBXNativeTarget "Critik" */ = {
			isa = XCConfigurationList;
			buildConfigurations = (
				6F12E37A1892FEE40030AE4C /* Debug */,
				6F12E37B1892FEE40030AE4C /* Release */,
			);
			defaultConfigurationIsVisible = 0;
			defaultConfigurationName = Release;
		};
		6F12E37C1892FEE40030AE4C /* Build configuration list for PBXNativeTarget "CritikTests" */ = {
			isa = XCConfigurationList;
			buildConfigurations = (
				6F12E37D1892FEE40030AE4C /* Debug */,
				6F12E37E1892FEE40030AE4C /* Release */,
			);
			defaultConfigurationIsVisible = 0;
			defaultConfigurationName = Release;
		};
/* End XCConfigurationList section */

/* Begin XCVersionGroup section */
		6F12E3581892FEE40030AE4C /* Critik.xcdatamodeld */ = {
			isa = XCVersionGroup;
			children = (
				6F4511B1190DAF4D0083541B /* Critik 2.xcdatamodel */,
				6F12E3591892FEE40030AE4C /* Critik.xcdatamodel */,
			);
			currentVersion = 6F4511B1190DAF4D0083541B /* Critik 2.xcdatamodel */;
			path = Critik.xcdatamodeld;
			sourceTree = "<group>";
			versionGroupType = wrapper.xcdatamodel;
		};
/* End XCVersionGroup section */
	};
	rootObject = 6F12E3361892FEE40030AE4C /* Project object */;
}
